
Microsoft Visual Studio Solution File, Format Version 12.00
# Visual Studio Version 17
VisualStudioVersion = 17.7.34031.279
MinimumVisualStudioVersion = 10.0.40219.1
Project("{8BC9CEB8-8B4A-11D0-8D11-00A0C91BC942}") = "AIE01_HelloWorld", "Content\AIE01_HelloWorld\AIE01_HelloWorld.vcxproj", "{8A9A7103-081E-49E6-8238-AC76DA523FFC}"
EndProject
Project("{8BC9CEB8-8B4A-11D0-8D11-00A0C91BC942}") = "AIE02_AgeCalculator", "Content\AIE02_AgeCalculator\AIE02_AgeCalculator.vcxproj", "{E55EA6BD-B5D2-4C71-B1E3-B0D0670459E9}"
EndProject
Project("{8BC9CEB8-8B4A-11D0-8D11-00A0C91BC942}") = "AIE03_CircleCalculator", "Content\AIE03_CircleCalculator\AIE03_CircleCalculator.vcxproj", "{0C7D662F-602D-41A6-A4AD-4C9C79A07BDF}"
EndProject
Project("{8BC9CEB8-8B4A-11D0-8D11-00A0C91BC942}") = "AIE04_TemperatureCalculator", "Content\AIE04_TemperatureCalculator\AIE04_TemperatureCalculator.vcxproj", "{FEC13392-1DF3-47F1-8507-E889E1979C04}"
EndProject
Project("{8BC9CEB8-8B4A-11D0-8D11-00A0C91BC942}") = "AIE05_FortuneTeller", "Content\AIE05_FortuneTeller\AIE05_FortuneTeller.vcxproj", "{D61D9439-79AC-495F-B817-433522804CCF}"
EndProject
Project("{8BC9CEB8-8B4A-11D0-8D11-00A0C91BC942}") = "AIE06_HiLow", "Content\AIE06_HiLow\AIE06_HiLow.vcxproj", "{D9C84087-C7AE-497E-AE52-31DE396A8F5B}"
EndProject
Project("{8BC9CEB8-8B4A-11D0-8D11-00A0C91BC942}") = "AIE07_Fibonacci", "Content\AIE07_Fibonacci\AIE07_Fibonacci.vcxproj", "{C9B8E175-8890-4BC9-8DBA-4BCB3CB70CB7}"
EndProject
Project("{8BC9CEB8-8B4A-11D0-8D11-00A0C91BC942}") = "AIE08_ShapeMaths", "Content\AIE08_ShapeMaths\AIE08_ShapeMaths.vcxproj", "{27C00519-6979-4A24-991D-91380F85B74E}"
EndProject
Project("{8BC9CEB8-8B4A-11D0-8D11-00A0C91BC942}") = "AIE09_SortedArrayBinarySearch", "Content\AIE09_SortedArrayBinarySearch\AIE09_SortedArrayBinarySearch.vcxproj", "{E6A1A6A6-9874-4AA9-95C3-ED6BFFB8C1D7}"
EndProject
Project("{8BC9CEB8-8B4A-11D0-8D11-00A0C91BC942}") = "AIE11_ConsoleApplication", "Content\AIE11_ConsoleApplication\AIE11_ConsoleApplication.vcxproj", "{05F5491C-49F0-429B-B2F0-3A27658C163C}"
EndProject
Project("{8BC9CEB8-8B4A-11D0-8D11-00A0C91BC942}") = "AIE12_BrainF", "Content\AIE12_BrainF\AIE12_BrainF.vcxproj", "{EB9938DE-A6E1-4A40-B14D-F37C3A7E6FD7}"
EndProject
Project("{8BC9CEB8-8B4A-11D0-8D11-00A0C91BC942}") = "AIE10_CStrings", "Content\AIE10_CStrings\AIE10_CStrings.vcxproj", "{FA1B4EC9-3B92-43FF-816B-EDFA6F643D8F}"
EndProject
Project("{8BC9CEB8-8B4A-11D0-8D11-00A0C91BC942}") = "AIE13_RaylibIntro", "Content\AIE13_RaylibIntro\AIE13_RaylibIntro.vcxproj", "{93E897B3-B808-48C8-B66C-ED4C57C6FE98}"
EndProject
Project("{8BC9CEB8-8B4A-11D0-8D11-00A0C91BC942}") = "AIE14_Player", "Content\AIE14_Player\AIE14_Player.vcxproj", "{C0AFFC40-69BC-4CBA-A7FF-79D9F4206071}"
EndProject
Project("{8BC9CEB8-8B4A-11D0-8D11-00A0C91BC942}") = "AIE15_Pointers", "Content\AIE15_Pointers\AIE15_Pointers.vcxproj", "{0B523455-DAD5-4B7B-97EB-8355E65DAB23}"
EndProject
Project("{8BC9CEB8-8B4A-11D0-8D11-00A0C91BC942}") = "AIE16_Inheritance", "Content\AIE16_Inheritance\AIE16_Inheritance.vcxproj", "{650FBD0E-147F-49B0-9517-70FDACE2A894}"
EndProject
Project("{8BC9CEB8-8B4A-11D0-8D11-00A0C91BC942}") = "AIE17_Polymorphism", "Content\AIE17_Polymorphism\AIE17_Polymorphism.vcxproj", "{C8A1B395-1956-4C76-A15F-576E0A1C5D82}"
EndProject
Project("{8BC9CEB8-8B4A-11D0-8D11-00A0C91BC942}") = "AIE19_MemberFunctionPointers", "Content\AIE19_MemberFunctionPointers\AIE19_MemberFunctionPointers.vcxproj", "{009FCEEE-5D9C-4A7D-9205-78AB333ED1BB}"
EndProject
Project("{8BC9CEB8-8B4A-11D0-8D11-00A0C91BC942}") = "AIE18_FunctionPointers", "Content\AIE18_FunctionPointers\AIE18_FunctionPointers.vcxproj", "{CE7E0DF7-1E5E-416C-89F4-66CC9F2AEB6E}"
EndProject
Project("{8BC9CEB8-8B4A-11D0-8D11-00A0C91BC942}") = "AIE20_Templates", "Content\AIE20_Templates\AIE20_Templates.vcxproj", "{3FEA86E2-9994-46A7-8FFE-E7B46A6724E5}"
EndProject
Project("{2150E333-8FDC-42A3-9474-1A3956D46DE8}") = "Content", "Content", "{2D8FE956-F648-43E2-A653-0970888EA051}"
EndProject
Project("{8BC9CEB8-8B4A-11D0-8D11-00A0C91BC942}") = "AIE21_StringStream", "Content\AIE21_StringStream\AIE21_StringStream.vcxproj", "{C7BE41FE-6D6B-4C7C-832D-D0A840A0D5CC}"
EndProject
Project("{8BC9CEB8-8B4A-11D0-8D11-00A0C91BC942}") = "AIE22_FileIO_Numbers", "Content\AIE22_FileIO_Numbers\AIE22_FileIO_Numbers.vcxproj", "{2119C2D2-A242-496E-BF13-7362378290A3}"
EndProject
Project("{8BC9CEB8-8B4A-11D0-8D11-00A0C91BC942}") = "AIE23_FileIO_Array", "Content\AIE23_FileIO_Array\AIE23_FileIO_Array.vcxproj", "{8337CBB9-AC63-4B57-93EA-8FF39E708E35}"
EndProject
Project("{8BC9CEB8-8B4A-11D0-8D11-00A0C91BC942}") = "AIE24_FileIO_DynamicArray", "Content\AIE24_FileIO_DynamicArray\AIE24_FileIO_DynamicArray.vcxproj", "{D6F213C0-B6DD-414E-A88B-BF69E32C10A9}"
EndProject
Global
	GlobalSection(SolutionConfigurationPlatforms) = preSolution
		Debug|x64 = Debug|x64
		Debug|x86 = Debug|x86
		Release|x64 = Release|x64
		Release|x86 = Release|x86
	EndGlobalSection
	GlobalSection(ProjectConfigurationPlatforms) = postSolution
		{8A9A7103-081E-49E6-8238-AC76DA523FFC}.Debug|x64.ActiveCfg = Debug|x64
		{8A9A7103-081E-49E6-8238-AC76DA523FFC}.Debug|x64.Build.0 = Debug|x64
		{8A9A7103-081E-49E6-8238-AC76DA523FFC}.Debug|x86.ActiveCfg = Debug|Win32
		{8A9A7103-081E-49E6-8238-AC76DA523FFC}.Debug|x86.Build.0 = Debug|Win32
		{8A9A7103-081E-49E6-8238-AC76DA523FFC}.Release|x64.ActiveCfg = Release|x64
		{8A9A7103-081E-49E6-8238-AC76DA523FFC}.Release|x64.Build.0 = Release|x64
		{8A9A7103-081E-49E6-8238-AC76DA523FFC}.Release|x86.ActiveCfg = Release|Win32
		{8A9A7103-081E-49E6-8238-AC76DA523FFC}.Release|x86.Build.0 = Release|Win32
		{E55EA6BD-B5D2-4C71-B1E3-B0D0670459E9}.Debug|x64.ActiveCfg = Debug|x64
		{E55EA6BD-B5D2-4C71-B1E3-B0D0670459E9}.Debug|x64.Build.0 = Debug|x64
		{E55EA6BD-B5D2-4C71-B1E3-B0D0670459E9}.Debug|x86.ActiveCfg = Debug|Win32
		{E55EA6BD-B5D2-4C71-B1E3-B0D0670459E9}.Debug|x86.Build.0 = Debug|Win32
		{E55EA6BD-B5D2-4C71-B1E3-B0D0670459E9}.Release|x64.ActiveCfg = Release|x64
		{E55EA6BD-B5D2-4C71-B1E3-B0D0670459E9}.Release|x64.Build.0 = Release|x64
		{E55EA6BD-B5D2-4C71-B1E3-B0D0670459E9}.Release|x86.ActiveCfg = Release|Win32
		{E55EA6BD-B5D2-4C71-B1E3-B0D0670459E9}.Release|x86.Build.0 = Release|Win32
		{0C7D662F-602D-41A6-A4AD-4C9C79A07BDF}.Debug|x64.ActiveCfg = Debug|x64
		{0C7D662F-602D-41A6-A4AD-4C9C79A07BDF}.Debug|x64.Build.0 = Debug|x64
		{0C7D662F-602D-41A6-A4AD-4C9C79A07BDF}.Debug|x86.ActiveCfg = Debug|Win32
		{0C7D662F-602D-41A6-A4AD-4C9C79A07BDF}.Debug|x86.Build.0 = Debug|Win32
		{0C7D662F-602D-41A6-A4AD-4C9C79A07BDF}.Release|x64.ActiveCfg = Release|x64
		{0C7D662F-602D-41A6-A4AD-4C9C79A07BDF}.Release|x64.Build.0 = Release|x64
		{0C7D662F-602D-41A6-A4AD-4C9C79A07BDF}.Release|x86.ActiveCfg = Release|Win32
		{0C7D662F-602D-41A6-A4AD-4C9C79A07BDF}.Release|x86.Build.0 = Release|Win32
		{FEC13392-1DF3-47F1-8507-E889E1979C04}.Debug|x64.ActiveCfg = Debug|x64
		{FEC13392-1DF3-47F1-8507-E889E1979C04}.Debug|x64.Build.0 = Debug|x64
		{FEC13392-1DF3-47F1-8507-E889E1979C04}.Debug|x86.ActiveCfg = Debug|Win32
		{FEC13392-1DF3-47F1-8507-E889E1979C04}.Debug|x86.Build.0 = Debug|Win32
		{FEC13392-1DF3-47F1-8507-E889E1979C04}.Release|x64.ActiveCfg = Release|x64
		{FEC13392-1DF3-47F1-8507-E889E1979C04}.Release|x64.Build.0 = Release|x64
		{FEC13392-1DF3-47F1-8507-E889E1979C04}.Release|x86.ActiveCfg = Release|Win32
		{FEC13392-1DF3-47F1-8507-E889E1979C04}.Release|x86.Build.0 = Release|Win32
		{D61D9439-79AC-495F-B817-433522804CCF}.Debug|x64.ActiveCfg = Debug|x64
		{D61D9439-79AC-495F-B817-433522804CCF}.Debug|x64.Build.0 = Debug|x64
		{D61D9439-79AC-495F-B817-433522804CCF}.Debug|x86.ActiveCfg = Debug|Win32
		{D61D9439-79AC-495F-B817-433522804CCF}.Debug|x86.Build.0 = Debug|Win32
		{D61D9439-79AC-495F-B817-433522804CCF}.Release|x64.ActiveCfg = Release|x64
		{D61D9439-79AC-495F-B817-433522804CCF}.Release|x64.Build.0 = Release|x64
		{D61D9439-79AC-495F-B817-433522804CCF}.Release|x86.ActiveCfg = Release|Win32
		{D61D9439-79AC-495F-B817-433522804CCF}.Release|x86.Build.0 = Release|Win32
		{D9C84087-C7AE-497E-AE52-31DE396A8F5B}.Debug|x64.ActiveCfg = Debug|x64
		{D9C84087-C7AE-497E-AE52-31DE396A8F5B}.Debug|x64.Build.0 = Debug|x64
		{D9C84087-C7AE-497E-AE52-31DE396A8F5B}.Debug|x86.ActiveCfg = Debug|Win32
		{D9C84087-C7AE-497E-AE52-31DE396A8F5B}.Debug|x86.Build.0 = Debug|Win32
		{D9C84087-C7AE-497E-AE52-31DE396A8F5B}.Release|x64.ActiveCfg = Release|x64
		{D9C84087-C7AE-497E-AE52-31DE396A8F5B}.Release|x64.Build.0 = Release|x64
		{D9C84087-C7AE-497E-AE52-31DE396A8F5B}.Release|x86.ActiveCfg = Release|Win32
		{D9C84087-C7AE-497E-AE52-31DE396A8F5B}.Release|x86.Build.0 = Release|Win32
		{C9B8E175-8890-4BC9-8DBA-4BCB3CB70CB7}.Debug|x64.ActiveCfg = Debug|x64
		{C9B8E175-8890-4BC9-8DBA-4BCB3CB70CB7}.Debug|x64.Build.0 = Debug|x64
		{C9B8E175-8890-4BC9-8DBA-4BCB3CB70CB7}.Debug|x86.ActiveCfg = Debug|Win32
		{C9B8E175-8890-4BC9-8DBA-4BCB3CB70CB7}.Debug|x86.Build.0 = Debug|Win32
		{C9B8E175-8890-4BC9-8DBA-4BCB3CB70CB7}.Release|x64.ActiveCfg = Release|x64
		{C9B8E175-8890-4BC9-8DBA-4BCB3CB70CB7}.Release|x64.Build.0 = Release|x64
		{C9B8E175-8890-4BC9-8DBA-4BCB3CB70CB7}.Release|x86.ActiveCfg = Release|Win32
		{C9B8E175-8890-4BC9-8DBA-4BCB3CB70CB7}.Release|x86.Build.0 = Release|Win32
		{27C00519-6979-4A24-991D-91380F85B74E}.Debug|x64.ActiveCfg = Debug|x64
		{27C00519-6979-4A24-991D-91380F85B74E}.Debug|x64.Build.0 = Debug|x64
		{27C00519-6979-4A24-991D-91380F85B74E}.Debug|x86.ActiveCfg = Debug|Win32
		{27C00519-6979-4A24-991D-91380F85B74E}.Debug|x86.Build.0 = Debug|Win32
		{27C00519-6979-4A24-991D-91380F85B74E}.Release|x64.ActiveCfg = Release|x64
		{27C00519-6979-4A24-991D-91380F85B74E}.Release|x64.Build.0 = Release|x64
		{27C00519-6979-4A24-991D-91380F85B74E}.Release|x86.ActiveCfg = Release|Win32
		{27C00519-6979-4A24-991D-91380F85B74E}.Release|x86.Build.0 = Release|Win32
		{E6A1A6A6-9874-4AA9-95C3-ED6BFFB8C1D7}.Debug|x64.ActiveCfg = Debug|x64
		{E6A1A6A6-9874-4AA9-95C3-ED6BFFB8C1D7}.Debug|x64.Build.0 = Debug|x64
		{E6A1A6A6-9874-4AA9-95C3-ED6BFFB8C1D7}.Debug|x86.ActiveCfg = Debug|Win32
		{E6A1A6A6-9874-4AA9-95C3-ED6BFFB8C1D7}.Debug|x86.Build.0 = Debug|Win32
		{E6A1A6A6-9874-4AA9-95C3-ED6BFFB8C1D7}.Release|x64.ActiveCfg = Release|x64
		{E6A1A6A6-9874-4AA9-95C3-ED6BFFB8C1D7}.Release|x64.Build.0 = Release|x64
		{E6A1A6A6-9874-4AA9-95C3-ED6BFFB8C1D7}.Release|x86.ActiveCfg = Release|Win32
		{E6A1A6A6-9874-4AA9-95C3-ED6BFFB8C1D7}.Release|x86.Build.0 = Release|Win32
		{05F5491C-49F0-429B-B2F0-3A27658C163C}.Debug|x64.ActiveCfg = Debug|x64
		{05F5491C-49F0-429B-B2F0-3A27658C163C}.Debug|x64.Build.0 = Debug|x64
		{05F5491C-49F0-429B-B2F0-3A27658C163C}.Debug|x86.ActiveCfg = Debug|Win32
		{05F5491C-49F0-429B-B2F0-3A27658C163C}.Debug|x86.Build.0 = Debug|Win32
		{05F5491C-49F0-429B-B2F0-3A27658C163C}.Release|x64.ActiveCfg = Release|x64
		{05F5491C-49F0-429B-B2F0-3A27658C163C}.Release|x64.Build.0 = Release|x64
		{05F5491C-49F0-429B-B2F0-3A27658C163C}.Release|x86.ActiveCfg = Release|Win32
		{05F5491C-49F0-429B-B2F0-3A27658C163C}.Release|x86.Build.0 = Release|Win32
		{EB9938DE-A6E1-4A40-B14D-F37C3A7E6FD7}.Debug|x64.ActiveCfg = Debug|x64
		{EB9938DE-A6E1-4A40-B14D-F37C3A7E6FD7}.Debug|x64.Build.0 = Debug|x64
		{EB9938DE-A6E1-4A40-B14D-F37C3A7E6FD7}.Debug|x86.ActiveCfg = Debug|Win32
		{EB9938DE-A6E1-4A40-B14D-F37C3A7E6FD7}.Debug|x86.Build.0 = Debug|Win32
		{EB9938DE-A6E1-4A40-B14D-F37C3A7E6FD7}.Release|x64.ActiveCfg = Release|x64
		{EB9938DE-A6E1-4A40-B14D-F37C3A7E6FD7}.Release|x64.Build.0 = Release|x64
		{EB9938DE-A6E1-4A40-B14D-F37C3A7E6FD7}.Release|x86.ActiveCfg = Release|Win32
		{EB9938DE-A6E1-4A40-B14D-F37C3A7E6FD7}.Release|x86.Build.0 = Release|Win32
		{FA1B4EC9-3B92-43FF-816B-EDFA6F643D8F}.Debug|x64.ActiveCfg = Debug|x64
		{FA1B4EC9-3B92-43FF-816B-EDFA6F643D8F}.Debug|x64.Build.0 = Debug|x64
		{FA1B4EC9-3B92-43FF-816B-EDFA6F643D8F}.Debug|x86.ActiveCfg = Debug|Win32
		{FA1B4EC9-3B92-43FF-816B-EDFA6F643D8F}.Debug|x86.Build.0 = Debug|Win32
		{FA1B4EC9-3B92-43FF-816B-EDFA6F643D8F}.Release|x64.ActiveCfg = Release|x64
		{FA1B4EC9-3B92-43FF-816B-EDFA6F643D8F}.Release|x64.Build.0 = Release|x64
		{FA1B4EC9-3B92-43FF-816B-EDFA6F643D8F}.Release|x86.ActiveCfg = Release|Win32
		{FA1B4EC9-3B92-43FF-816B-EDFA6F643D8F}.Release|x86.Build.0 = Release|Win32
		{93E897B3-B808-48C8-B66C-ED4C57C6FE98}.Debug|x64.ActiveCfg = Debug|x64
		{93E897B3-B808-48C8-B66C-ED4C57C6FE98}.Debug|x64.Build.0 = Debug|x64
		{93E897B3-B808-48C8-B66C-ED4C57C6FE98}.Debug|x86.ActiveCfg = Debug|Win32
		{93E897B3-B808-48C8-B66C-ED4C57C6FE98}.Debug|x86.Build.0 = Debug|Win32
		{93E897B3-B808-48C8-B66C-ED4C57C6FE98}.Release|x64.ActiveCfg = Release|x64
		{93E897B3-B808-48C8-B66C-ED4C57C6FE98}.Release|x64.Build.0 = Release|x64
		{93E897B3-B808-48C8-B66C-ED4C57C6FE98}.Release|x86.ActiveCfg = Release|Win32
		{93E897B3-B808-48C8-B66C-ED4C57C6FE98}.Release|x86.Build.0 = Release|Win32
		{C0AFFC40-69BC-4CBA-A7FF-79D9F4206071}.Debug|x64.ActiveCfg = Debug|x64
		{C0AFFC40-69BC-4CBA-A7FF-79D9F4206071}.Debug|x64.Build.0 = Debug|x64
		{C0AFFC40-69BC-4CBA-A7FF-79D9F4206071}.Debug|x86.ActiveCfg = Debug|Win32
		{C0AFFC40-69BC-4CBA-A7FF-79D9F4206071}.Debug|x86.Build.0 = Debug|Win32
		{C0AFFC40-69BC-4CBA-A7FF-79D9F4206071}.Release|x64.ActiveCfg = Release|x64
		{C0AFFC40-69BC-4CBA-A7FF-79D9F4206071}.Release|x64.Build.0 = Release|x64
		{C0AFFC40-69BC-4CBA-A7FF-79D9F4206071}.Release|x86.ActiveCfg = Release|Win32
		{C0AFFC40-69BC-4CBA-A7FF-79D9F4206071}.Release|x86.Build.0 = Release|Win32
		{0B523455-DAD5-4B7B-97EB-8355E65DAB23}.Debug|x64.ActiveCfg = Debug|x64
		{0B523455-DAD5-4B7B-97EB-8355E65DAB23}.Debug|x64.Build.0 = Debug|x64
		{0B523455-DAD5-4B7B-97EB-8355E65DAB23}.Debug|x86.ActiveCfg = Debug|Win32
		{0B523455-DAD5-4B7B-97EB-8355E65DAB23}.Debug|x86.Build.0 = Debug|Win32
		{0B523455-DAD5-4B7B-97EB-8355E65DAB23}.Release|x64.ActiveCfg = Release|x64
		{0B523455-DAD5-4B7B-97EB-8355E65DAB23}.Release|x64.Build.0 = Release|x64
		{0B523455-DAD5-4B7B-97EB-8355E65DAB23}.Release|x86.ActiveCfg = Release|Win32
		{0B523455-DAD5-4B7B-97EB-8355E65DAB23}.Release|x86.Build.0 = Release|Win32
		{650FBD0E-147F-49B0-9517-70FDACE2A894}.Debug|x64.ActiveCfg = Debug|x64
		{650FBD0E-147F-49B0-9517-70FDACE2A894}.Debug|x64.Build.0 = Debug|x64
		{650FBD0E-147F-49B0-9517-70FDACE2A894}.Debug|x86.ActiveCfg = Debug|Win32
		{650FBD0E-147F-49B0-9517-70FDACE2A894}.Debug|x86.Build.0 = Debug|Win32
		{650FBD0E-147F-49B0-9517-70FDACE2A894}.Release|x64.ActiveCfg = Release|x64
		{650FBD0E-147F-49B0-9517-70FDACE2A894}.Release|x64.Build.0 = Release|x64
		{650FBD0E-147F-49B0-9517-70FDACE2A894}.Release|x86.ActiveCfg = Release|Win32
		{650FBD0E-147F-49B0-9517-70FDACE2A894}.Release|x86.Build.0 = Release|Win32
		{C8A1B395-1956-4C76-A15F-576E0A1C5D82}.Debug|x64.ActiveCfg = Debug|x64
		{C8A1B395-1956-4C76-A15F-576E0A1C5D82}.Debug|x64.Build.0 = Debug|x64
		{C8A1B395-1956-4C76-A15F-576E0A1C5D82}.Debug|x86.ActiveCfg = Debug|Win32
		{C8A1B395-1956-4C76-A15F-576E0A1C5D82}.Debug|x86.Build.0 = Debug|Win32
		{C8A1B395-1956-4C76-A15F-576E0A1C5D82}.Release|x64.ActiveCfg = Release|x64
		{C8A1B395-1956-4C76-A15F-576E0A1C5D82}.Release|x64.Build.0 = Release|x64
		{C8A1B395-1956-4C76-A15F-576E0A1C5D82}.Release|x86.ActiveCfg = Release|Win32
		{C8A1B395-1956-4C76-A15F-576E0A1C5D82}.Release|x86.Build.0 = Release|Win32
		{009FCEEE-5D9C-4A7D-9205-78AB333ED1BB}.Debug|x64.ActiveCfg = Debug|x64
		{009FCEEE-5D9C-4A7D-9205-78AB333ED1BB}.Debug|x64.Build.0 = Debug|x64
		{009FCEEE-5D9C-4A7D-9205-78AB333ED1BB}.Debug|x86.ActiveCfg = Debug|Win32
		{009FCEEE-5D9C-4A7D-9205-78AB333ED1BB}.Debug|x86.Build.0 = Debug|Win32
		{009FCEEE-5D9C-4A7D-9205-78AB333ED1BB}.Release|x64.ActiveCfg = Release|x64
		{009FCEEE-5D9C-4A7D-9205-78AB333ED1BB}.Release|x64.Build.0 = Release|x64
		{009FCEEE-5D9C-4A7D-9205-78AB333ED1BB}.Release|x86.ActiveCfg = Release|Win32
		{009FCEEE-5D9C-4A7D-9205-78AB333ED1BB}.Release|x86.Build.0 = Release|Win32
		{CE7E0DF7-1E5E-416C-89F4-66CC9F2AEB6E}.Debug|x64.ActiveCfg = Debug|x64
		{CE7E0DF7-1E5E-416C-89F4-66CC9F2AEB6E}.Debug|x64.Build.0 = Debug|x64
		{CE7E0DF7-1E5E-416C-89F4-66CC9F2AEB6E}.Debug|x86.ActiveCfg = Debug|Win32
		{CE7E0DF7-1E5E-416C-89F4-66CC9F2AEB6E}.Debug|x86.Build.0 = Debug|Win32
		{CE7E0DF7-1E5E-416C-89F4-66CC9F2AEB6E}.Release|x64.ActiveCfg = Release|x64
		{CE7E0DF7-1E5E-416C-89F4-66CC9F2AEB6E}.Release|x64.Build.0 = Release|x64
		{CE7E0DF7-1E5E-416C-89F4-66CC9F2AEB6E}.Release|x86.ActiveCfg = Release|Win32
		{CE7E0DF7-1E5E-416C-89F4-66CC9F2AEB6E}.Release|x86.Build.0 = Release|Win32
		{3FEA86E2-9994-46A7-8FFE-E7B46A6724E5}.Debug|x64.ActiveCfg = Debug|x64
		{3FEA86E2-9994-46A7-8FFE-E7B46A6724E5}.Debug|x64.Build.0 = Debug|x64
		{3FEA86E2-9994-46A7-8FFE-E7B46A6724E5}.Debug|x86.ActiveCfg = Debug|Win32
		{3FEA86E2-9994-46A7-8FFE-E7B46A6724E5}.Debug|x86.Build.0 = Debug|Win32
		{3FEA86E2-9994-46A7-8FFE-E7B46A6724E5}.Release|x64.ActiveCfg = Release|x64
		{3FEA86E2-9994-46A7-8FFE-E7B46A6724E5}.Release|x64.Build.0 = Release|x64
		{3FEA86E2-9994-46A7-8FFE-E7B46A6724E5}.Release|x86.ActiveCfg = Release|Win32
		{3FEA86E2-9994-46A7-8FFE-E7B46A6724E5}.Release|x86.Build.0 = Release|Win32
		{C7BE41FE-6D6B-4C7C-832D-D0A840A0D5CC}.Debug|x64.ActiveCfg = Debug|x64
		{C7BE41FE-6D6B-4C7C-832D-D0A840A0D5CC}.Debug|x64.Build.0 = Debug|x64
		{C7BE41FE-6D6B-4C7C-832D-D0A840A0D5CC}.Debug|x86.ActiveCfg = Debug|Win32
		{C7BE41FE-6D6B-4C7C-832D-D0A840A0D5CC}.Debug|x86.Build.0 = Debug|Win32
		{C7BE41FE-6D6B-4C7C-832D-D0A840A0D5CC}.Release|x64.ActiveCfg = Release|x64
		{C7BE41FE-6D6B-4C7C-832D-D0A840A0D5CC}.Release|x64.Build.0 = Release|x64
		{C7BE41FE-6D6B-4C7C-832D-D0A840A0D5CC}.Release|x86.ActiveCfg = Release|Win32
		{C7BE41FE-6D6B-4C7C-832D-D0A840A0D5CC}.Release|x86.Build.0 = Release|Win32
		{2119C2D2-A242-496E-BF13-7362378290A3}.Debug|x64.ActiveCfg = Debug|x64
		{2119C2D2-A242-496E-BF13-7362378290A3}.Debug|x64.Build.0 = Debug|x64
		{2119C2D2-A242-496E-BF13-7362378290A3}.Debug|x86.ActiveCfg = Debug|Win32
		{2119C2D2-A242-496E-BF13-7362378290A3}.Debug|x86.Build.0 = Debug|Win32
		{2119C2D2-A242-496E-BF13-7362378290A3}.Release|x64.ActiveCfg = Release|x64
		{2119C2D2-A242-496E-BF13-7362378290A3}.Release|x64.Build.0 = Release|x64
		{2119C2D2-A242-496E-BF13-7362378290A3}.Release|x86.ActiveCfg = Release|Win32
		{2119C2D2-A242-496E-BF13-7362378290A3}.Release|x86.Build.0 = Release|Win32
		{8337CBB9-AC63-4B57-93EA-8FF39E708E35}.Debug|x64.ActiveCfg = Debug|x64
		{8337CBB9-AC63-4B57-93EA-8FF39E708E35}.Debug|x64.Build.0 = Debug|x64
		{8337CBB9-AC63-4B57-93EA-8FF39E708E35}.Debug|x86.ActiveCfg = Debug|Win32
		{8337CBB9-AC63-4B57-93EA-8FF39E708E35}.Debug|x86.Build.0 = Debug|Win32
		{8337CBB9-AC63-4B57-93EA-8FF39E708E35}.Release|x64.ActiveCfg = Release|x64
		{8337CBB9-AC63-4B57-93EA-8FF39E708E35}.Release|x64.Build.0 = Release|x64
		{8337CBB9-AC63-4B57-93EA-8FF39E708E35}.Release|x86.ActiveCfg = Release|Win32
		{8337CBB9-AC63-4B57-93EA-8FF39E708E35}.Release|x86.Build.0 = Release|Win32
		{D6F213C0-B6DD-414E-A88B-BF69E32C10A9}.Debug|x64.ActiveCfg = Debug|x64
		{D6F213C0-B6DD-414E-A88B-BF69E32C10A9}.Debug|x64.Build.0 = Debug|x64
		{D6F213C0-B6DD-414E-A88B-BF69E32C10A9}.Debug|x86.ActiveCfg = Debug|Win32
		{D6F213C0-B6DD-414E-A88B-BF69E32C10A9}.Debug|x86.Build.0 = Debug|Win32
		{D6F213C0-B6DD-414E-A88B-BF69E32C10A9}.Release|x64.ActiveCfg = Release|x64
		{D6F213C0-B6DD-414E-A88B-BF69E32C10A9}.Release|x64.Build.0 = Release|x64
		{D6F213C0-B6DD-414E-A88B-BF69E32C10A9}.Release|x86.ActiveCfg = Release|Win32
		{D6F213C0-B6DD-414E-A88B-BF69E32C10A9}.Release|x86.Build.0 = Release|Win32
	EndGlobalSection
	GlobalSection(SolutionProperties) = preSolution
		HideSolutionNode = FALSE
	EndGlobalSection
	GlobalSection(NestedProjects) = preSolution
		{8A9A7103-081E-49E6-8238-AC76DA523FFC} = {2D8FE956-F648-43E2-A653-0970888EA051}
		{E55EA6BD-B5D2-4C71-B1E3-B0D0670459E9} = {2D8FE956-F648-43E2-A653-0970888EA051}
		{0C7D662F-602D-41A6-A4AD-4C9C79A07BDF} = {2D8FE956-F648-43E2-A653-0970888EA051}
		{FEC13392-1DF3-47F1-8507-E889E1979C04} = {2D8FE956-F648-43E2-A653-0970888EA051}
		{D61D9439-79AC-495F-B817-433522804CCF} = {2D8FE956-F648-43E2-A653-0970888EA051}
		{D9C84087-C7AE-497E-AE52-31DE396A8F5B} = {2D8FE956-F648-43E2-A653-0970888EA051}
		{C9B8E175-8890-4BC9-8DBA-4BCB3CB70CB7} = {2D8FE956-F648-43E2-A653-0970888EA051}
		{27C00519-6979-4A24-991D-91380F85B74E} = {2D8FE956-F648-43E2-A653-0970888EA051}
		{E6A1A6A6-9874-4AA9-95C3-ED6BFFB8C1D7} = {2D8FE956-F648-43E2-A653-0970888EA051}
		{05F5491C-49F0-429B-B2F0-3A27658C163C} = {2D8FE956-F648-43E2-A653-0970888EA051}
		{EB9938DE-A6E1-4A40-B14D-F37C3A7E6FD7} = {2D8FE956-F648-43E2-A653-0970888EA051}
		{FA1B4EC9-3B92-43FF-816B-EDFA6F643D8F} = {2D8FE956-F648-43E2-A653-0970888EA051}
		{93E897B3-B808-48C8-B66C-ED4C57C6FE98} = {2D8FE956-F648-43E2-A653-0970888EA051}
		{C0AFFC40-69BC-4CBA-A7FF-79D9F4206071} = {2D8FE956-F648-43E2-A653-0970888EA051}
		{0B523455-DAD5-4B7B-97EB-8355E65DAB23} = {2D8FE956-F648-43E2-A653-0970888EA051}
		{650FBD0E-147F-49B0-9517-70FDACE2A894} = {2D8FE956-F648-43E2-A653-0970888EA051}
		{C8A1B395-1956-4C76-A15F-576E0A1C5D82} = {2D8FE956-F648-43E2-A653-0970888EA051}
		{009FCEEE-5D9C-4A7D-9205-78AB333ED1BB} = {2D8FE956-F648-43E2-A653-0970888EA051}
		{CE7E0DF7-1E5E-416C-89F4-66CC9F2AEB6E} = {2D8FE956-F648-43E2-A653-0970888EA051}
		{3FEA86E2-9994-46A7-8FFE-E7B46A6724E5} = {2D8FE956-F648-43E2-A653-0970888EA051}
		{C7BE41FE-6D6B-4C7C-832D-D0A840A0D5CC} = {2D8FE956-F648-43E2-A653-0970888EA051}
		{2119C2D2-A242-496E-BF13-7362378290A3} = {2D8FE956-F648-43E2-A653-0970888EA051}
		{8337CBB9-AC63-4B57-93EA-8FF39E708E35} = {2D8FE956-F648-43E2-A653-0970888EA051}
		{D6F213C0-B6DD-414E-A88B-BF69E32C10A9} = {2D8FE956-F648-43E2-A653-0970888EA051}
	EndGlobalSection
	GlobalSection(ExtensibilityGlobals) = postSolution
		SolutionGuid = {8453BF29-3EF8-4686-8E12-8BCF396E9CA7}
	EndGlobalSection
EndGlobal
